
Microsoft Visual Studio Solution File, Format Version 12.00
# Visual Studio Version 16
VisualStudioVersion = 16.0.31515.178
MinimumVisualStudioVersion = 10.0.40219.1
Project("{FAE04EC0-301F-11D3-BF4B-00C04F79EFBC}") = "LabWork", "ConsoleApp1\LabWork.csproj", "{5129FDD2-40F8-418F-8468-0E1161090553}"
EndProject
Project("{FAE04EC0-301F-11D3-BF4B-00C04F79EFBC}") = "L3Q1Participant", "L3Q!Participant\L3Q1Participant.csproj", "{D342CEA2-AAA8-4A23-B0B5-5D8F147AB425}"
EndProject
Global
	GlobalSection(SolutionConfigurationPlatforms) = preSolution
		Debug|Any CPU = Debug|Any CPU
		Release|Any CPU = Release|Any CPU
	EndGlobalSection
	GlobalSection(ProjectConfigurationPlatforms) = postSolution
		{5129FDD2-40F8-418F-8468-0E1161090553}.Debug|Any CPU.ActiveCfg = Debug|Any CPU
		{5129FDD2-40F8-418F-8468-0E1161090553}.Debug|Any CPU.Build.0 = Debug|Any CPU
		{5129FDD2-40F8-418F-8468-0E1161090553}.Release|Any CPU.ActiveCfg = Release|Any CPU
		{5129FDD2-40F8-418F-8468-0E1161090553}.Release|Any CPU.Build.0 = Release|Any CPU
		{D342CEA2-AAA8-4A23-B0B5-5D8F147AB425}.Debug|Any CPU.ActiveCfg = Debug|Any CPU
		{D342CEA2-AAA8-4A23-B0B5-5D8F147AB425}.Debug|Any CPU.Build.0 = Debug|Any CPU
		{D342CEA2-AAA8-4A23-B0B5-5D8F147AB425}.Release|Any CPU.ActiveCfg = Release|Any CPU
		{D342CEA2-AAA8-4A23-B0B5-5D8F147AB425}.Release|Any CPU.Build.0 = Release|Any CPU
	EndGlobalSection
	GlobalSection(SolutionProperties) = preSolution
		HideSolutionNode = FALSE
	EndGlobalSection
	GlobalSection(ExtensibilityGlobals) = postSolution
		SolutionGuid = {8F054FAE-D644-4E75-A63E-35C8C94B11BC}
	EndGlobalSection
EndGlobal
