
Microsoft Visual Studio Solution File, Format Version 12.00
# Visual Studio Version 16
VisualStudioVersion = 16.0.31515.178
MinimumVisualStudioVersion = 10.0.40219.1
Project("{FAE04EC0-301F-11D3-BF4B-00C04F79EFBC}") = "L3Soln", "L3Soln\L3Soln.csproj", "{381554D1-6732-4AF1-86DB-97D74C81032E}"
EndProject
Global
	GlobalSection(SolutionConfigurationPlatforms) = preSolution
		Debug|Any CPU = Debug|Any CPU
		Release|Any CPU = Release|Any CPU
	EndGlobalSection
	GlobalSection(ProjectConfigurationPlatforms) = postSolution
		{381554D1-6732-4AF1-86DB-97D74C81032E}.Debug|Any CPU.ActiveCfg = Debug|Any CPU
		{381554D1-6732-4AF1-86DB-97D74C81032E}.Debug|Any CPU.Build.0 = Debug|Any CPU
		{381554D1-6732-4AF1-86DB-97D74C81032E}.Release|Any CPU.ActiveCfg = Release|Any CPU
		{381554D1-6732-4AF1-86DB-97D74C81032E}.Release|Any CPU.Build.0 = Release|Any CPU
	EndGlobalSection
	GlobalSection(SolutionProperties) = preSolution
		HideSolutionNode = FALSE
	EndGlobalSection
	GlobalSection(ExtensibilityGlobals) = postSolution
		SolutionGuid = {56D85802-99C0-49F1-833B-79D298D610C2}
	EndGlobalSection
EndGlobal
