
Microsoft Visual Studio Solution File, Format Version 12.00
# Visual Studio Version 16
VisualStudioVersion = 16.0.31515.178
MinimumVisualStudioVersion = 10.0.40219.1
Project("{FAE04EC0-301F-11D3-BF4B-00C04F79EFBC}") = "RegexDdemo", "RegexDdemo\RegexDdemo.csproj", "{E42BC1B1-3920-4C4A-91FB-832BDE976B3F}"
EndProject
Global
	GlobalSection(SolutionConfigurationPlatforms) = preSolution
		Debug|Any CPU = Debug|Any CPU
		Release|Any CPU = Release|Any CPU
	EndGlobalSection
	GlobalSection(ProjectConfigurationPlatforms) = postSolution
		{E42BC1B1-3920-4C4A-91FB-832BDE976B3F}.Debug|Any CPU.ActiveCfg = Debug|Any CPU
		{E42BC1B1-3920-4C4A-91FB-832BDE976B3F}.Debug|Any CPU.Build.0 = Debug|Any CPU
		{E42BC1B1-3920-4C4A-91FB-832BDE976B3F}.Release|Any CPU.ActiveCfg = Release|Any CPU
		{E42BC1B1-3920-4C4A-91FB-832BDE976B3F}.Release|Any CPU.Build.0 = Release|Any CPU
	EndGlobalSection
	GlobalSection(SolutionProperties) = preSolution
		HideSolutionNode = FALSE
	EndGlobalSection
	GlobalSection(ExtensibilityGlobals) = postSolution
		SolutionGuid = {5A388D0F-8F75-4267-A23D-C6AAA67DD609}
	EndGlobalSection
EndGlobal
